// !$*UTF8*$!
{
	archiveVersion = 1;
	classes = {
	};
	objectVersion = 50;
	objects = {

/* Begin PBXBuildFile section */
		6F6084E920F8FAF200EC2B43 /* AppDelegate.swift in Sources */ = {isa = PBXBuildFile; fileRef = 6F6084E820F8FAF200EC2B43 /* AppDelegate.swift */; };
		6F6084EB20F8FAF200EC2B43 /* ViewController.swift in Sources */ = {isa = PBXBuildFile; fileRef = 6F6084EA20F8FAF200EC2B43 /* ViewController.swift */; };
		6F6084EE20F8FAF200EC2B43 /* Main.storyboard in Resources */ = {isa = PBXBuildFile; fileRef = 6F6084EC20F8FAF200EC2B43 /* Main.storyboard */; };
		6F6084F020F8FAF300EC2B43 /* Assets.xcassets in Resources */ = {isa = PBXBuildFile; fileRef = 6F6084EF20F8FAF300EC2B43 /* Assets.xcassets */; };
		6F6084F320F8FAF300EC2B43 /* LaunchScreen.storyboard in Resources */ = {isa = PBXBuildFile; fileRef = 6F6084F120F8FAF300EC2B43 /* LaunchScreen.storyboard */; };
		6F6084FE20F8FAF300EC2B43 /* Color_PickerTests.swift in Sources */ = {isa = PBXBuildFile; fileRef = 6F6084FD20F8FAF300EC2B43 /* Color_PickerTests.swift */; };
		6F60850920F8FAF300EC2B43 /* Color_PickerUITests.swift in Sources */ = {isa = PBXBuildFile; fileRef = 6F60850820F8FAF300EC2B43 /* Color_PickerUITests.swift */; };
/* End PBXBuildFile section */

/* Begin PBXContainerItemProxy section */
		6F6084FA20F8FAF300EC2B43 /* PBXContainerItemProxy */ = {
			isa = PBXContainerItemProxy;
			containerPortal = 6F6084DD20F8FAF200EC2B43 /* Project object */;
			proxyType = 1;
			remoteGlobalIDString = 6F6084E420F8FAF200EC2B43;
			remoteInfo = "Color Picker";
		};
		6F60850520F8FAF300EC2B43 /* PBXContainerItemProxy */ = {
			isa = PBXContainerItemProxy;
			containerPortal = 6F6084DD20F8FAF200EC2B43 /* Project object */;
			proxyType = 1;
			remoteGlobalIDString = 6F6084E420F8FAF200EC2B43;
			remoteInfo = "Color Picker";
		};
/* End PBXContainerItemProxy section */

/* Begin PBXFileReference section */
		6F6084E520F8FAF200EC2B43 /* Color Picker.app */ = {isa = PBXFileReference; explicitFileType = wrapper.application; includeInIndex = 0; path = "Color Picker.app"; sourceTree = BUILT_PRODUCTS_DIR; };
		6F6084E820F8FAF200EC2B43 /* AppDelegate.swift */ = {isa = PBXFileReference; lastKnownFileType = sourcecode.swift; path = AppDelegate.swift; sourceTree = "<group>"; };
		6F6084EA20F8FAF200EC2B43 /* ViewController.swift */ = {isa = PBXFileReference; lastKnownFileType = sourcecode.swift; path = ViewController.swift; sourceTree = "<group>"; };
		6F6084ED20F8FAF200EC2B43 /* Base */ = {isa = PBXFileReference; lastKnownFileType = file.storyboard; name = Base; path = Base.lproj/Main.storyboard; sourceTree = "<group>"; };
		6F6084EF20F8FAF300EC2B43 /* Assets.xcassets */ = {isa = PBXFileReference; lastKnownFileType = folder.assetcatalog; path = Assets.xcassets; sourceTree = "<group>"; };
		6F6084F220F8FAF300EC2B43 /* Base */ = {isa = PBXFileReference; lastKnownFileType = file.storyboard; name = Base; path = Base.lproj/LaunchScreen.storyboard; sourceTree = "<group>"; };
		6F6084F420F8FAF300EC2B43 /* Info.plist */ = {isa = PBXFileReference; lastKnownFileType = text.plist.xml; path = Info.plist; sourceTree = "<group>"; };
		6F6084F920F8FAF300EC2B43 /* Color PickerTests.xctest */ = {isa = PBXFileReference; explicitFileType = wrapper.cfbundle; includeInIndex = 0; path = "Color PickerTests.xctest"; sourceTree = BUILT_PRODUCTS_DIR; };
		6F6084FD20F8FAF300EC2B43 /* Color_PickerTests.swift */ = {isa = PBXFileReference; lastKnownFileType = sourcecode.swift; path = Color_PickerTests.swift; sourceTree = "<group>"; };
		6F6084FF20F8FAF300EC2B43 /* Info.plist */ = {isa = PBXFileReference; lastKnownFileType = text.plist.xml; path = Info.plist; sourceTree = "<group>"; };
		6F60850420F8FAF300EC2B43 /* Color PickerUITests.xctest */ = {isa = PBXFileReference; explicitFileType = wrapper.cfbundle; includeInIndex = 0; path = "Color PickerUITests.xctest"; sourceTree = BUILT_PRODUCTS_DIR; };
		6F60850820F8FAF300EC2B43 /* Color_PickerUITests.swift */ = {isa = PBXFileReference; lastKnownFileType = sourcecode.swift; path = Color_PickerUITests.swift; sourceTree = "<group>"; };
		6F60850A20F8FAF300EC2B43 /* Info.plist */ = {isa = PBXFileReference; lastKnownFileType = text.plist.xml; path = Info.plist; sourceTree = "<group>"; };
/* End PBXFileReference section */

/* Begin PBXFrameworksBuildPhase section */
		6F6084E220F8FAF200EC2B43 /* Frameworks */ = {
			isa = PBXFrameworksBuildPhase;
			buildActionMask = 2147483647;
			files = (
			);
			runOnlyForDeploymentPostprocessing = 0;
		};
		6F6084F620F8FAF300EC2B43 /* Frameworks */ = {
			isa = PBXFrameworksBuildPhase;
			buildActionMask = 2147483647;
			files = (
			);
			runOnlyForDeploymentPostprocessing = 0;
		};
		6F60850120F8FAF300EC2B43 /* Frameworks */ = {
			isa = PBXFrameworksBuildPhase;
			buildActionMask = 2147483647;
			files = (
			);
			runOnlyForDeploymentPostprocessing = 0;
		};
/* End PBXFrameworksBuildPhase section */

/* Begin PBXGroup section */
		6F6084DC20F8FAF200EC2B43 = {
			isa = PBXGroup;
			children = (
				6F6084E720F8FAF200EC2B43 /* Color Picker */,
				6F6084FC20F8FAF300EC2B43 /* Color PickerTests */,
				6F60850720F8FAF300EC2B43 /* Color PickerUITests */,
				6F6084E620F8FAF200EC2B43 /* Products */,
			);
			sourceTree = "<group>";
		};
		6F6084E620F8FAF200EC2B43 /* Products */ = {
			isa = PBXGroup;
			children = (
				6F6084E520F8FAF200EC2B43 /* Color Picker.app */,
				6F6084F920F8FAF300EC2B43 /* Color PickerTests.xctest */,
				6F60850420F8FAF300EC2B43 /* Color PickerUITests.xctest */,
			);
			name = Products;
			sourceTree = "<group>";
		};
		6F6084E720F8FAF200EC2B43 /* Color Picker */ = {
			isa = PBXGroup;
			children = (
				6F6084E820F8FAF200EC2B43 /* AppDelegate.swift */,
				6F6084EA20F8FAF200EC2B43 /* ViewController.swift */,
				6F6084EC20F8FAF200EC2B43 /* Main.storyboard */,
				6F6084EF20F8FAF300EC2B43 /* Assets.xcassets */,
				6F6084F120F8FAF300EC2B43 /* LaunchScreen.storyboard */,
				6F6084F420F8FAF300EC2B43 /* Info.plist */,
			);
			path = "Color Picker";
			sourceTree = "<group>";
		};
		6F6084FC20F8FAF300EC2B43 /* Color PickerTests */ = {
			isa = PBXGroup;
			children = (
				6F6084FD20F8FAF300EC2B43 /* Color_PickerTests.swift */,
				6F6084FF20F8FAF300EC2B43 /* Info.plist */,
			);
			path = "Color PickerTests";
			sourceTree = "<group>";
		};
		6F60850720F8FAF300EC2B43 /* Color PickerUITests */ = {
			isa = PBXGroup;
			children = (
				6F60850820F8FAF300EC2B43 /* Color_PickerUITests.swift */,
				6F60850A20F8FAF300EC2B43 /* Info.plist */,
			);
			path = "Color PickerUITests";
			sourceTree = "<group>";
		};
/* End PBXGroup section */

/* Begin PBXNativeTarget section */
		6F6084E420F8FAF200EC2B43 /* Color Picker */ = {
			isa = PBXNativeTarget;
			buildConfigurationList = 6F60850D20F8FAF300EC2B43 /* Build configuration list for PBXNativeTarget "Color Picker" */;
			buildPhases = (
				6F6084E120F8FAF200EC2B43 /* Sources */,
				6F6084E220F8FAF200EC2B43 /* Frameworks */,
				6F6084E320F8FAF200EC2B43 /* Resources */,
			);
			buildRules = (
			);
			dependencies = (
			);
			name = "Color Picker";
			productName = "Color Picker";
			productReference = 6F6084E520F8FAF200EC2B43 /* Color Picker.app */;
			productType = "com.apple.product-type.application";
		};
		6F6084F820F8FAF300EC2B43 /* Color PickerTests */ = {
			isa = PBXNativeTarget;
			buildConfigurationList = 6F60851020F8FAF300EC2B43 /* Build configuration list for PBXNativeTarget "Color PickerTests" */;
			buildPhases = (
				6F6084F520F8FAF300EC2B43 /* Sources */,
				6F6084F620F8FAF300EC2B43 /* Frameworks */,
				6F6084F720F8FAF300EC2B43 /* Resources */,
			);
			buildRules = (
			);
			dependencies = (
				6F6084FB20F8FAF300EC2B43 /* PBXTargetDependency */,
			);
			name = "Color PickerTests";
			productName = "Color PickerTests";
			productReference = 6F6084F920F8FAF300EC2B43 /* Color PickerTests.xctest */;
			productType = "com.apple.product-type.bundle.unit-test";
		};
		6F60850320F8FAF300EC2B43 /* Color PickerUITests */ = {
			isa = PBXNativeTarget;
			buildConfigurationList = 6F60851320F8FAF300EC2B43 /* Build configuration list for PBXNativeTarget "Color PickerUITests" */;
			buildPhases = (
				6F60850020F8FAF300EC2B43 /* Sources */,
				6F60850120F8FAF300EC2B43 /* Frameworks */,
				6F60850220F8FAF300EC2B43 /* Resources */,
			);
			buildRules = (
			);
			dependencies = (
				6F60850620F8FAF300EC2B43 /* PBXTargetDependency */,
			);
			name = "Color PickerUITests";
			productName = "Color PickerUITests";
			productReference = 6F60850420F8FAF300EC2B43 /* Color PickerUITests.xctest */;
			productType = "com.apple.product-type.bundle.ui-testing";
		};
/* End PBXNativeTarget section */

/* Begin PBXProject section */
		6F6084DD20F8FAF200EC2B43 /* Project object */ = {
			isa = PBXProject;
			attributes = {
				LastSwiftUpdateCheck = 0940;
				LastUpgradeCheck = 0940;
				ORGANIZATIONNAME = "Yi Zhao";
				TargetAttributes = {
					6F6084E420F8FAF200EC2B43 = {
						CreatedOnToolsVersion = 9.4.1;
					};
					6F6084F820F8FAF300EC2B43 = {
						CreatedOnToolsVersion = 9.4.1;
						TestTargetID = 6F6084E420F8FAF200EC2B43;
					};
					6F60850320F8FAF300EC2B43 = {
						CreatedOnToolsVersion = 9.4.1;
						TestTargetID = 6F6084E420F8FAF200EC2B43;
					};
				};
			};
			buildConfigurationList = 6F6084E020F8FAF200EC2B43 /* Build configuration list for PBXProject "Color Picker" */;
			compatibilityVersion = "Xcode 9.3";
			developmentRegion = en;
			hasScannedForEncodings = 0;
			knownRegions = (
				en,
				Base,
			);
			mainGroup = 6F6084DC20F8FAF200EC2B43;
			productRefGroup = 6F6084E620F8FAF200EC2B43 /* Products */;
			projectDirPath = "";
			projectRoot = "";
			targets = (
				6F6084E420F8FAF200EC2B43 /* Color Picker */,
				6F6084F820F8FAF300EC2B43 /* Color PickerTests */,
				6F60850320F8FAF300EC2B43 /* Color PickerUITests */,
			);
		};
/* End PBXProject section */

/* Begin PBXResourcesBuildPhase section */
		6F6084E320F8FAF200EC2B43 /* Resources */ = {
			isa = PBXResourcesBuildPhase;
			buildActionMask = 2147483647;
			files = (
				6F6084F320F8FAF300EC2B43 /* LaunchScreen.storyboard in Resources */,
				6F6084F020F8FAF300EC2B43 /* Assets.xcassets in Resources */,
				6F6084EE20F8FAF200EC2B43 /* Main.storyboard in Resources */,
			);
			runOnlyForDeploymentPostprocessing = 0;
		};
		6F6084F720F8FAF300EC2B43 /* Resources */ = {
			isa = PBXResourcesBuildPhase;
			buildActionMask = 2147483647;
			files = (
			);
			runOnlyForDeploymentPostprocessing = 0;
		};
		6F60850220F8FAF300EC2B43 /* Resources */ = {
			isa = PBXResourcesBuildPhase;
			buildActionMask = 2147483647;
			files = (
			);
			runOnlyForDeploymentPostprocessing = 0;
		};
/* End PBXResourcesBuildPhase section */

/* Begin PBXSourcesBuildPhase section */
		6F6084E120F8FAF200EC2B43 /* Sources */ = {
			isa = PBXSourcesBuildPhase;
			buildActionMask = 2147483647;
			files = (
				6F6084EB20F8FAF200EC2B43 /* ViewController.swift in Sources */,
				6F6084E920F8FAF200EC2B43 /* AppDelegate.swift in Sources */,
			);
			runOnlyForDeploymentPostprocessing = 0;
		};
		6F6084F520F8FAF300EC2B43 /* Sources */ = {
			isa = PBXSourcesBuildPhase;
			buildActionMask = 2147483647;
			files = (
				6F6084FE20F8FAF300EC2B43 /* Color_PickerTests.swift in Sources */,
			);
			runOnlyForDeploymentPostprocessing = 0;
		};
		6F60850020F8FAF300EC2B43 /* Sources */ = {
			isa = PBXSourcesBuildPhase;
			buildActionMask = 2147483647;
			files = (
				6F60850920F8FAF300EC2B43 /* Color_PickerUITests.swift in Sources */,
			);
			runOnlyForDeploymentPostprocessing = 0;
		};
/* End PBXSourcesBuildPhase section */

/* Begin PBXTargetDependency section */
		6F6084FB20F8FAF300EC2B43 /* PBXTargetDependency */ = {
			isa = PBXTargetDependency;
			target = 6F6084E420F8FAF200EC2B43 /* Color Picker */;
			targetProxy = 6F6084FA20F8FAF300EC2B43 /* PBXContainerItemProxy */;
		};
		6F60850620F8FAF300EC2B43 /* PBXTargetDependency */ = {
			isa = PBXTargetDependency;
			target = 6F6084E420F8FAF200EC2B43 /* Color Picker */;
			targetProxy = 6F60850520F8FAF300EC2B43 /* PBXContainerItemProxy */;
		};
/* End PBXTargetDependency section */

/* Begin PBXVariantGroup section */
		6F6084EC20F8FAF200EC2B43 /* Main.storyboard */ = {
			isa = PBXVariantGroup;
			children = (
				6F6084ED20F8FAF200EC2B43 /* Base */,
			);
			name = Main.storyboard;
			sourceTree = "<group>";
		};
		6F6084F120F8FAF300EC2B43 /* LaunchScreen.storyboard */ = {
			isa = PBXVariantGroup;
			children = (
				6F6084F220F8FAF300EC2B43 /* Base */,
			);
			name = LaunchScreen.storyboard;
			sourceTree = "<group>";
		};
/* End PBXVariantGroup section */

/* Begin XCBuildConfiguration section */
		6F60850B20F8FAF300EC2B43 /* Debug */ = {
			isa = XCBuildConfiguration;
			buildSettings = {
				ALWAYS_SEARCH_USER_PATHS = NO;
				CLANG_ANALYZER_NONNULL = YES;
				CLANG_ANALYZER_NUMBER_OBJECT_CONVERSION = YES_AGGRESSIVE;
				CLANG_CXX_LANGUAGE_STANDARD = "gnu++14";
				CLANG_CXX_LIBRARY = "libc++";
				CLANG_ENABLE_MODULES = YES;
				CLANG_ENABLE_OBJC_ARC = YES;
				CLANG_ENABLE_OBJC_WEAK = YES;
				CLANG_WARN_BLOCK_CAPTURE_AUTORELEASING = YES;
				CLANG_WARN_BOOL_CONVERSION = YES;
				CLANG_WARN_COMMA = YES;
				CLANG_WARN_CONSTANT_CONVERSION = YES;
				CLANG_WARN_DEPRECATED_OBJC_IMPLEMENTATIONS = YES;
				CLANG_WARN_DIRECT_OBJC_ISA_USAGE = YES_ERROR;
				CLANG_WARN_DOCUMENTATION_COMMENTS = YES;
				CLANG_WARN_EMPTY_BODY = YES;
				CLANG_WARN_ENUM_CONVERSION = YES;
				CLANG_WARN_INFINITE_RECURSION = YES;
				CLANG_WARN_INT_CONVERSION = YES;
				CLANG_WARN_NON_LITERAL_NULL_CONVERSION = YES;
				CLANG_WARN_OBJC_IMPLICIT_RETAIN_SELF = YES;
				CLANG_WARN_OBJC_LITERAL_CONVERSION = YES;
				CLANG_WARN_OBJC_ROOT_CLASS = YES_ERROR;
				CLANG_WARN_RANGE_LOOP_ANALYSIS = YES;
				CLANG_WARN_STRICT_PROTOTYPES = YES;
				CLANG_WARN_SUSPICIOUS_MOVE = YES;
				CLANG_WARN_UNGUARDED_AVAILABILITY = YES_AGGRESSIVE;
				CLANG_WARN_UNREACHABLE_CODE = YES;
				CLANG_WARN__DUPLICATE_METHOD_MATCH = YES;
				CODE_SIGN_IDENTITY = "iPhone Developer";
				COPY_PHASE_STRIP = NO;
				DEBUG_INFORMATION_FORMAT = dwarf;
				ENABLE_STRICT_OBJC_MSGSEND = YES;
				ENABLE_TESTABILITY = YES;
				GCC_C_LANGUAGE_STANDARD = gnu11;
				GCC_DYNAMIC_NO_PIC = NO;
				GCC_NO_COMMON_BLOCKS = YES;
				GCC_OPTIMIZATION_LEVEL = 0;
				GCC_PREPROCESSOR_DEFINITIONS = (
					"DEBUG=1",
					"$(inherited)",
				);
				GCC_WARN_64_TO_32_BIT_CONVERSION = YES;
				GCC_WARN_ABOUT_RETURN_TYPE = YES_ERROR;
				GCC_WARN_UNDECLARED_SELECTOR = YES;
				GCC_WARN_UNINITIALIZED_AUTOS = YES_AGGRESSIVE;
				GCC_WARN_UNUSED_FUNCTION = YES;
				GCC_WARN_UNUSED_VARIABLE = YES;
				IPHONEOS_DEPLOYMENT_TARGET = 11.4;
				MTL_ENABLE_DEBUG_INFO = YES;
				ONLY_ACTIVE_ARCH = YES;
				SDKROOT = iphoneos;
				SWIFT_ACTIVE_COMPILATION_CONDITIONS = DEBUG;
				SWIFT_OPTIMIZATION_LEVEL = "-Onone";
			};
			name = Debug;
		};
		6F60850C20F8FAF300EC2B43 /* Release */ = {
			isa = XCBuildConfiguration;
			buildSettings = {
				ALWAYS_SEARCH_USER_PATHS = NO;
				CLANG_ANALYZER_NONNULL = YES;
				CLANG_ANALYZER_NUMBER_OBJECT_CONVERSION = YES_AGGRESSIVE;
				CLANG_CXX_LANGUAGE_STANDARD = "gnu++14";
				CLANG_CXX_LIBRARY = "libc++";
				CLANG_ENABLE_MODULES = YES;
				CLANG_ENABLE_OBJC_ARC = YES;
				CLANG_ENABLE_OBJC_WEAK = YES;
				CLANG_WARN_BLOCK_CAPTURE_AUTORELEASING = YES;
				CLANG_WARN_BOOL_CONVERSION = YES;
				CLANG_WARN_COMMA = YES;
				CLANG_WARN_CONSTANT_CONVERSION = YES;
				CLANG_WARN_DEPRECATED_OBJC_IMPLEMENTATIONS = YES;
				CLANG_WARN_DIRECT_OBJC_ISA_USAGE = YES_ERROR;
				CLANG_WARN_DOCUMENTATION_COMMENTS = YES;
				CLANG_WARN_EMPTY_BODY = YES;
				CLANG_WARN_ENUM_CONVERSION = YES;
				CLANG_WARN_INFINITE_RECURSION = YES;
				CLANG_WARN_INT_CONVERSION = YES;
				CLANG_WARN_NON_LITERAL_NULL_CONVERSION = YES;
				CLANG_WARN_OBJC_IMPLICIT_RETAIN_SELF = YES;
				CLANG_WARN_OBJC_LITERAL_CONVERSION = YES;
				CLANG_WARN_OBJC_ROOT_CLASS = YES_ERROR;
				CLANG_WARN_RANGE_LOOP_ANALYSIS = YES;
				CLANG_WARN_STRICT_PROTOTYPES = YES;
				CLANG_WARN_SUSPICIOUS_MOVE = YES;
				CLANG_WARN_UNGUARDED_AVAILABILITY = YES_AGGRESSIVE;
				CLANG_WARN_UNREACHABLE_CODE = YES;
				CLANG_WARN__DUPLICATE_METHOD_MATCH = YES;
				CODE_SIGN_IDENTITY = "iPhone Developer";
				COPY_PHASE_STRIP = NO;
				DEBUG_INFORMATION_FORMAT = "dwarf-with-dsym";
				ENABLE_NS_ASSERTIONS = NO;
				ENABLE_STRICT_OBJC_MSGSEND = YES;
				GCC_C_LANGUAGE_STANDARD = gnu11;
				GCC_NO_COMMON_BLOCKS = YES;
				GCC_WARN_64_TO_32_BIT_CONVERSION = YES;
				GCC_WARN_ABOUT_RETURN_TYPE = YES_ERROR;
				GCC_WARN_UNDECLARED_SELECTOR = YES;
				GCC_WARN_UNINITIALIZED_AUTOS = YES_AGGRESSIVE;
				GCC_WARN_UNUSED_FUNCTION = YES;
				GCC_WARN_UNUSED_VARIABLE = YES;
				IPHONEOS_DEPLOYMENT_TARGET = 11.4;
				MTL_ENABLE_DEBUG_INFO = NO;
				SDKROOT = iphoneos;
				SWIFT_COMPILATION_MODE = wholemodule;
				SWIFT_OPTIMIZATION_LEVEL = "-O";
				VALIDATE_PRODUCT = YES;
			};
			name = Release;
		};
		6F60850E20F8FAF300EC2B43 /* Debug */ = {
			isa = XCBuildConfiguration;
			buildSettings = {
				ASSETCATALOG_COMPILER_APPICON_NAME = AppIcon;
				CODE_SIGN_STYLE = Automatic;
				INFOPLIST_FILE = "Color Picker/Info.plist";
				LD_RUNPATH_SEARCH_PATHS = (
					"$(inherited)",
					"@executable_path/Frameworks",
				);
				PRODUCT_BUNDLE_IDENTIFIER = "online.techinnovator.Color-Picker";
				PRODUCT_NAME = "$(TARGET_NAME)";
				SWIFT_VERSION = 4.0;
				TARGETED_DEVICE_FAMILY = "1,2";
			};
			name = Debug;
		};
		6F60850F20F8FAF300EC2B43 /* Release */ = {
			isa = XCBuildConfiguration;
			buildSettings = {
				ASSETCATALOG_COMPILER_APPICON_NAME = AppIcon;
				CODE_SIGN_STYLE = Automatic;
				INFOPLIST_FILE = "Color Picker/Info.plist";
				LD_RUNPATH_SEARCH_PATHS = (
					"$(inherited)",
					"@executable_path/Frameworks",
				);
				PRODUCT_BUNDLE_IDENTIFIER = "online.techinnovator.Color-Picker";
				PRODUCT_NAME = "$(TARGET_NAME)";
				SWIFT_VERSION = 4.0;
				TARGETED_DEVICE_FAMILY = "1,2";
			};
			name = Release;
		};
		6F60851120F8FAF300EC2B43 /* Debug */ = {
			isa = XCBuildConfiguration;
			buildSettings = {
				ALWAYS_EMBED_SWIFT_STANDARD_LIBRARIES = YES;
				BUNDLE_LOADER = "$(TEST_HOST)";
				CODE_SIGN_STYLE = Automatic;
				INFOPLIST_FILE = "Color PickerTests/Info.plist";
				LD_RUNPATH_SEARCH_PATHS = (
					"$(inherited)",
					"@executable_path/Frameworks",
					"@loader_path/Frameworks",
				);
				PRODUCT_BUNDLE_IDENTIFIER = "online.techinnovator.Color-PickerTests";
				PRODUCT_NAME = "$(TARGET_NAME)";
				SWIFT_VERSION = 4.0;
				TARGETED_DEVICE_FAMILY = "1,2";
				TEST_HOST = "$(BUILT_PRODUCTS_DIR)/Color Picker.app/Color Picker";
			};
			name = Debug;
		};
		6F60851220F8FAF300EC2B43 /* Release */ = {
			isa = XCBuildConfiguration;
			buildSettings = {
				ALWAYS_EMBED_SWIFT_STANDARD_LIBRARIES = YES;
				BUNDLE_LOADER = "$(TEST_HOST)";
				CODE_SIGN_STYLE = Automatic;
				INFOPLIST_FILE = "Color PickerTests/Info.plist";
				LD_RUNPATH_SEARCH_PATHS = (
					"$(inherited)",
					"@executable_path/Frameworks",
					"@loader_path/Frameworks",
				);
				PRODUCT_BUNDLE_IDENTIFIER = "online.techinnovator.Color-PickerTests";
				PRODUCT_NAME = "$(TARGET_NAME)";
				SWIFT_VERSION = 4.0;
				TARGETED_DEVICE_FAMILY = "1,2";
				TEST_HOST = "$(BUILT_PRODUCTS_DIR)/Color Picker.app/Color Picker";
			};
			name = Release;
		};
		6F60851420F8FAF300EC2B43 /* Debug */ = {
			isa = XCBuildConfiguration;
			buildSettings = {
				ALWAYS_EMBED_SWIFT_STANDARD_LIBRARIES = YES;
				CODE_SIGN_STYLE = Automatic;
				INFOPLIST_FILE = "Color PickerUITests/Info.plist";
				LD_RUNPATH_SEARCH_PATHS = (
					"$(inherited)",
					"@executable_path/Frameworks",
					"@loader_path/Frameworks",
				);
				PRODUCT_BUNDLE_IDENTIFIER = "online.techinnovator.Color-PickerUITests";
				PRODUCT_NAME = "$(TARGET_NAME)";
				SWIFT_VERSION = 4.0;
				TARGETED_DEVICE_FAMILY = "1,2";
				TEST_TARGET_NAME = "Color Picker";
			};
			name = Debug;
		};
		6F60851520F8FAF300EC2B43 /* Release */ = {
			isa = XCBuildConfiguration;
			buildSettings = {
				ALWAYS_EMBED_SWIFT_STANDARD_LIBRARIES = YES;
				CODE_SIGN_STYLE = Automatic;
				INFOPLIST_FILE = "Color PickerUITests/Info.plist";
				LD_RUNPATH_SEARCH_PATHS = (
					"$(inherited)",
					"@executable_path/Frameworks",
					"@loader_path/Frameworks",
				);
				PRODUCT_BUNDLE_IDENTIFIER = "online.techinnovator.Color-PickerUITests";
				PRODUCT_NAME = "$(TARGET_NAME)";
				SWIFT_VERSION = 4.0;
				TARGETED_DEVICE_FAMILY = "1,2";
				TEST_TARGET_NAME = "Color Picker";
			};
			name = Release;
		};
/* End XCBuildConfiguration section */

/* Begin XCConfigurationList section */
		6F6084E020F8FAF200EC2B43 /* Build configuration list for PBXProject "Color Picker" */ = {
			isa = XCConfigurationList;
			buildConfigurations = (
				6F60850B20F8FAF300EC2B43 /* Debug */,
				6F60850C20F8FAF300EC2B43 /* Release */,
			);
			defaultConfigurationIsVisible = 0;
			defaultConfigurationName = Release;
		};
		6F60850D20F8FAF300EC2B43 /* Build configuration list for PBXNativeTarget "Color Picker" */ = {
			isa = XCConfigurationList;
			buildConfigurations = (
				6F60850E20F8FAF300EC2B43 /* Debug */,
				6F60850F20F8FAF300EC2B43 /* Release */,
			);
			defaultConfigurationIsVisible = 0;
			defaultConfigurationName = Release;
		};
		6F60851020F8FAF300EC2B43 /* Build configuration list for PBXNativeTarget "Color PickerTests" */ = {
			isa = XCConfigurationList;
			buildConfigurations = (
				6F60851120F8FAF300EC2B43 /* Debug */,
				6F60851220F8FAF300EC2B43 /* Release */,
			);
			defaultConfigurationIsVisible = 0;
			defaultConfigurationName = Release;
		};
		6F60851320F8FAF300EC2B43 /* Build configuration list for PBXNativeTarget "Color PickerUITests" */ = {
			isa = XCConfigurationList;
			buildConfigurations = (
				6F60851420F8FAF300EC2B43 /* Debug */,
				6F60851520F8FAF300EC2B43 /* Release */,
			);
			defaultConfigurationIsVisible = 0;
			defaultConfigurationName = Release;
		};
/* End XCConfigurationList section */
	};
	rootObject = 6F6084DD20F8FAF200EC2B43 /* Project object */;
}
